
Microsoft Visual Studio Solution File, Format Version 12.00
# Visual Studio Version 17
VisualStudioVersion = 17.13.35931.197
MinimumVisualStudioVersion = 10.0.40219.1
Project("{FAE04EC0-301F-11D3-BF4B-00C04F79EFBC}") = "WindowsFormsApp1", "WindowsFormsApp1\WindowsFormsApp1.csproj", "{470B746A-6344-4F85-9F09-0613C87195B2}"
EndProject
Project("{FAE04EC0-301F-11D3-BF4B-00C04F79EFBC}") = "ConsoleApp1", "ConsoleApp1\ConsoleApp1.csproj", "{5D05F59D-67E2-4CFF-B480-CA564E502379}"
EndProject
Project("{FAE04EC0-301F-11D3-BF4B-00C04F79EFBC}") = "ConsoleApp2", "ConsoleApp2\ConsoleApp2.csproj", "{76C90808-3E7B-4BAE-9481-D8FBFB888D9D}"
EndProject
Project("{FAE04EC0-301F-11D3-BF4B-00C04F79EFBC}") = "ConsoleApp3", "ConsoleApp3\ConsoleApp3.csproj", "{D17F7E04-19F3-46C9-93B1-48E292F3C007}"
EndProject
Project("{FAE04EC0-301F-11D3-BF4B-00C04F79EFBC}") = "WindowsFormsApp2", "WindowsFormsApp2\WindowsFormsApp2.csproj", "{CBCA1FC4-867C-46E2-B31C-78BC9E88AE4B}"
EndProject
Project("{FAE04EC0-301F-11D3-BF4B-00C04F79EFBC}") = "ConsoleApp4", "ConsoleApp4\ConsoleApp4.csproj", "{87C5A4CB-826C-4FDD-B5C9-801D81D2D3FD}"
EndProject
Project("{FAE04EC0-301F-11D3-BF4B-00C04F79EFBC}") = "WindowsFormsApp_09_Class", "WindowsFormsApp_09_Class\WindowsFormsApp_09_Class.csproj", "{A4CC664F-3B8D-4B48-8248-2894BA5CD21B}"
EndProject
Project("{FAE04EC0-301F-11D3-BF4B-00C04F79EFBC}") = "ConsoleApp5", "ConsoleApp5\ConsoleApp5.csproj", "{545947B6-BEBB-4B7F-97CB-1AD36B220C61}"
EndProject
Project("{FAE04EC0-301F-11D3-BF4B-00C04F79EFBC}") = "WindowsFormsApp_10", "WindowsFormsApp_10\WindowsFormsApp_10.csproj", "{67200DF0-D62A-405A-A372-90C460A401ED}"
EndProject
Project("{FAE04EC0-301F-11D3-BF4B-00C04F79EFBC}") = "WindowsFormsApp_11_Class_Interfase", "WindowsFormsApp_11_Class_Interfase\WindowsFormsApp_11_Class_Interfase.csproj", "{7F3CB998-446F-47B5-9346-18B7A6CAEC48}"
EndProject
Project("{FAE04EC0-301F-11D3-BF4B-00C04F79EFBC}") = "WindowsFormsApp_Runing", "WindowsFormsApp_Runing\WindowsFormsApp_Runing.csproj", "{7CEAB9AA-AA6B-4DD4-96E8-5E5BB7B73E8F}"
EndProject
Project("{FAE04EC0-301F-11D3-BF4B-00C04F79EFBC}") = "WindowsFormsApp_11_Ref", "WindowsFormsApp_11_Ref\WindowsFormsApp_11_Ref.csproj", "{D7FB8A66-0C58-4C5D-A319-EA4FC2477592}"
EndProject
Global
	GlobalSection(SolutionConfigurationPlatforms) = preSolution
		Debug|Any CPU = Debug|Any CPU
		Release|Any CPU = Release|Any CPU
	EndGlobalSection
	GlobalSection(ProjectConfigurationPlatforms) = postSolution
		{470B746A-6344-4F85-9F09-0613C87195B2}.Debug|Any CPU.ActiveCfg = Debug|Any CPU
		{470B746A-6344-4F85-9F09-0613C87195B2}.Debug|Any CPU.Build.0 = Debug|Any CPU
		{470B746A-6344-4F85-9F09-0613C87195B2}.Release|Any CPU.ActiveCfg = Release|Any CPU
		{470B746A-6344-4F85-9F09-0613C87195B2}.Release|Any CPU.Build.0 = Release|Any CPU
		{5D05F59D-67E2-4CFF-B480-CA564E502379}.Debug|Any CPU.ActiveCfg = Debug|Any CPU
		{5D05F59D-67E2-4CFF-B480-CA564E502379}.Debug|Any CPU.Build.0 = Debug|Any CPU
		{5D05F59D-67E2-4CFF-B480-CA564E502379}.Release|Any CPU.ActiveCfg = Release|Any CPU
		{5D05F59D-67E2-4CFF-B480-CA564E502379}.Release|Any CPU.Build.0 = Release|Any CPU
		{76C90808-3E7B-4BAE-9481-D8FBFB888D9D}.Debug|Any CPU.ActiveCfg = Debug|Any CPU
		{76C90808-3E7B-4BAE-9481-D8FBFB888D9D}.Debug|Any CPU.Build.0 = Debug|Any CPU
		{76C90808-3E7B-4BAE-9481-D8FBFB888D9D}.Release|Any CPU.ActiveCfg = Release|Any CPU
		{76C90808-3E7B-4BAE-9481-D8FBFB888D9D}.Release|Any CPU.Build.0 = Release|Any CPU
		{D17F7E04-19F3-46C9-93B1-48E292F3C007}.Debug|Any CPU.ActiveCfg = Debug|Any CPU
		{D17F7E04-19F3-46C9-93B1-48E292F3C007}.Debug|Any CPU.Build.0 = Debug|Any CPU
		{D17F7E04-19F3-46C9-93B1-48E292F3C007}.Release|Any CPU.ActiveCfg = Release|Any CPU
		{D17F7E04-19F3-46C9-93B1-48E292F3C007}.Release|Any CPU.Build.0 = Release|Any CPU
		{CBCA1FC4-867C-46E2-B31C-78BC9E88AE4B}.Debug|Any CPU.ActiveCfg = Debug|Any CPU
		{CBCA1FC4-867C-46E2-B31C-78BC9E88AE4B}.Debug|Any CPU.Build.0 = Debug|Any CPU
		{CBCA1FC4-867C-46E2-B31C-78BC9E88AE4B}.Release|Any CPU.ActiveCfg = Release|Any CPU
		{CBCA1FC4-867C-46E2-B31C-78BC9E88AE4B}.Release|Any CPU.Build.0 = Release|Any CPU
		{87C5A4CB-826C-4FDD-B5C9-801D81D2D3FD}.Debug|Any CPU.ActiveCfg = Debug|Any CPU
		{87C5A4CB-826C-4FDD-B5C9-801D81D2D3FD}.Debug|Any CPU.Build.0 = Debug|Any CPU
		{87C5A4CB-826C-4FDD-B5C9-801D81D2D3FD}.Release|Any CPU.ActiveCfg = Release|Any CPU
		{87C5A4CB-826C-4FDD-B5C9-801D81D2D3FD}.Release|Any CPU.Build.0 = Release|Any CPU
		{A4CC664F-3B8D-4B48-8248-2894BA5CD21B}.Debug|Any CPU.ActiveCfg = Debug|Any CPU
		{A4CC664F-3B8D-4B48-8248-2894BA5CD21B}.Debug|Any CPU.Build.0 = Debug|Any CPU
		{A4CC664F-3B8D-4B48-8248-2894BA5CD21B}.Release|Any CPU.ActiveCfg = Release|Any CPU
		{A4CC664F-3B8D-4B48-8248-2894BA5CD21B}.Release|Any CPU.Build.0 = Release|Any CPU
		{545947B6-BEBB-4B7F-97CB-1AD36B220C61}.Debug|Any CPU.ActiveCfg = Debug|Any CPU
		{545947B6-BEBB-4B7F-97CB-1AD36B220C61}.Debug|Any CPU.Build.0 = Debug|Any CPU
		{545947B6-BEBB-4B7F-97CB-1AD36B220C61}.Release|Any CPU.ActiveCfg = Release|Any CPU
		{545947B6-BEBB-4B7F-97CB-1AD36B220C61}.Release|Any CPU.Build.0 = Release|Any CPU
		{67200DF0-D62A-405A-A372-90C460A401ED}.Debug|Any CPU.ActiveCfg = Debug|Any CPU
		{67200DF0-D62A-405A-A372-90C460A401ED}.Debug|Any CPU.Build.0 = Debug|Any CPU
		{67200DF0-D62A-405A-A372-90C460A401ED}.Release|Any CPU.ActiveCfg = Release|Any CPU
		{67200DF0-D62A-405A-A372-90C460A401ED}.Release|Any CPU.Build.0 = Release|Any CPU
		{7F3CB998-446F-47B5-9346-18B7A6CAEC48}.Debug|Any CPU.ActiveCfg = Debug|Any CPU
		{7F3CB998-446F-47B5-9346-18B7A6CAEC48}.Debug|Any CPU.Build.0 = Debug|Any CPU
		{7F3CB998-446F-47B5-9346-18B7A6CAEC48}.Release|Any CPU.ActiveCfg = Release|Any CPU
		{7F3CB998-446F-47B5-9346-18B7A6CAEC48}.Release|Any CPU.Build.0 = Release|Any CPU
		{7CEAB9AA-AA6B-4DD4-96E8-5E5BB7B73E8F}.Debug|Any CPU.ActiveCfg = Debug|Any CPU
		{7CEAB9AA-AA6B-4DD4-96E8-5E5BB7B73E8F}.Debug|Any CPU.Build.0 = Debug|Any CPU
		{7CEAB9AA-AA6B-4DD4-96E8-5E5BB7B73E8F}.Release|Any CPU.ActiveCfg = Release|Any CPU
		{7CEAB9AA-AA6B-4DD4-96E8-5E5BB7B73E8F}.Release|Any CPU.Build.0 = Release|Any CPU
		{D7FB8A66-0C58-4C5D-A319-EA4FC2477592}.Debug|Any CPU.ActiveCfg = Debug|Any CPU
		{D7FB8A66-0C58-4C5D-A319-EA4FC2477592}.Debug|Any CPU.Build.0 = Debug|Any CPU
		{D7FB8A66-0C58-4C5D-A319-EA4FC2477592}.Release|Any CPU.ActiveCfg = Release|Any CPU
		{D7FB8A66-0C58-4C5D-A319-EA4FC2477592}.Release|Any CPU.Build.0 = Release|Any CPU
	EndGlobalSection
	GlobalSection(SolutionProperties) = preSolution
		HideSolutionNode = FALSE
	EndGlobalSection
	GlobalSection(ExtensibilityGlobals) = postSolution
		SolutionGuid = {02628230-751D-40AA-99A0-301BE0190E6E}
	EndGlobalSection
EndGlobal
