Microsoft Visual Studio Solution File, Format Version 12.00
# Visual Studio Version 17
VisualStudioVersion = 17.5.2.0
MinimumVisualStudioVersion = 10.0.40219.1
Project("{FAE04EC0-301F-11D3-BF4B-00C04F79EFBC}") = "WindowsFormsApp_Class_Runing", "WindowsFormsApp_Class_Runing.csproj", "{B9E52A86-6B40-EC3E-E8BE-6B38B5AB7522}"
EndProject
Global
	GlobalSection(SolutionConfigurationPlatforms) = preSolution
		Debug|Any CPU = Debug|Any CPU
		Release|Any CPU = Release|Any CPU
	EndGlobalSection
	GlobalSection(ProjectConfigurationPlatforms) = postSolution
		{B9E52A86-6B40-EC3E-E8BE-6B38B5AB7522}.Debug|Any CPU.ActiveCfg = Debug|Any CPU
		{B9E52A86-6B40-EC3E-E8BE-6B38B5AB7522}.Debug|Any CPU.Build.0 = Debug|Any CPU
		{B9E52A86-6B40-EC3E-E8BE-6B38B5AB7522}.Release|Any CPU.ActiveCfg = Release|Any CPU
		{B9E52A86-6B40-EC3E-E8BE-6B38B5AB7522}.Release|Any CPU.Build.0 = Release|Any CPU
	EndGlobalSection
	GlobalSection(SolutionProperties) = preSolution
		HideSolutionNode = FALSE
	EndGlobalSection
	GlobalSection(ExtensibilityGlobals) = postSolution
		SolutionGuid = {668FDDB0-75FE-4984-8FF9-C0D2B2F34184}
	EndGlobalSection
EndGlobal
